
Microsoft Visual Studio Solution File, Format Version 12.00
# Visual Studio Version 17
VisualStudioVersion = 17.1.32407.343
MinimumVisualStudioVersion = 10.0.40219.1
Project("{9A19103F-16F7-4668-BE54-9A1E7A4F7556}") = "final_proj", "FinalProjectServer\final_proj.csproj", "{67003C2D-6DCF-40B6-81B6-1F62C6D9728A}"
EndProject
Global
	GlobalSection(SolutionConfigurationPlatforms) = preSolution
		Debug|Any CPU = Debug|Any CPU
		Release|Any CPU = Release|Any CPU
	EndGlobalSection
	GlobalSection(ProjectConfigurationPlatforms) = postSolution
		{67003C2D-6DCF-40B6-81B6-1F62C6D9728A}.Debug|Any CPU.ActiveCfg = Debug|Any CPU
		{67003C2D-6DCF-40B6-81B6-1F62C6D9728A}.Debug|Any CPU.Build.0 = Debug|Any CPU
		{67003C2D-6DCF-40B6-81B6-1F62C6D9728A}.Release|Any CPU.ActiveCfg = Release|Any CPU
		{67003C2D-6DCF-40B6-81B6-1F62C6D9728A}.Release|Any CPU.Build.0 = Release|Any CPU
	EndGlobalSection
	GlobalSection(SolutionProperties) = preSolution
		HideSolutionNode = FALSE
	EndGlobalSection
	GlobalSection(ExtensibilityGlobals) = postSolution
		SolutionGuid = {DC34D6B9-951B-4679-A829-39714450D464}
	EndGlobalSection
EndGlobal
